// !$*UTF8*$!
{
	archiveVersion = 1;
	classes = {
	};
	objectVersion = 55;
	objects = {

/* Begin PBXBuildFile section */
		82C4C8FF28545600005D6228 /* AppDelegate.swift in Sources */ = {isa = PBXBuildFile; fileRef = 82C4C8FE28545600005D6228 /* AppDelegate.swift */; };
		82C4C90128545600005D6228 /* SceneDelegate.swift in Sources */ = {isa = PBXBuildFile; fileRef = 82C4C90028545600005D6228 /* SceneDelegate.swift */; };
		82C4C90328545600005D6228 /* ViewController.swift in Sources */ = {isa = PBXBuildFile; fileRef = 82C4C90228545600005D6228 /* ViewController.swift */; };
		82C4C90628545600005D6228 /* Main.storyboard in Resources */ = {isa = PBXBuildFile; fileRef = 82C4C90428545600005D6228 /* Main.storyboard */; };
		82C4C90828545601005D6228 /* Assets.xcassets in Resources */ = {isa = PBXBuildFile; fileRef = 82C4C90728545601005D6228 /* Assets.xcassets */; };
		82C4C90B28545601005D6228 /* LaunchScreen.storyboard in Resources */ = {isa = PBXBuildFile; fileRef = 82C4C90928545601005D6228 /* LaunchScreen.storyboard */; };
		82C4C91628545601005D6228 /* SwiftBoilerplateTests.swift in Sources */ = {isa = PBXBuildFile; fileRef = 82C4C91528545601005D6228 /* SwiftBoilerplateTests.swift */; };
		82C4C92028545601005D6228 /* SwiftBoilerplateUITests.swift in Sources */ = {isa = PBXBuildFile; fileRef = 82C4C91F28545601005D6228 /* SwiftBoilerplateUITests.swift */; };
		82C4C92228545601005D6228 /* SwiftBoilerplateUITestsLaunchTests.swift in Sources */ = {isa = PBXBuildFile; fileRef = 82C4C92128545601005D6228 /* SwiftBoilerplateUITestsLaunchTests.swift */; };
		82C4C931285456D9005D6228 /* Dependencies.swift in Sources */ = {isa = PBXBuildFile; fileRef = 82C4C930285456D9005D6228 /* Dependencies.swift */; };
		82C4C9332854579F005D6228 /* Repositories.swift in Sources */ = {isa = PBXBuildFile; fileRef = 82C4C9322854579F005D6228 /* Repositories.swift */; };
		82C4C935285457A6005D6228 /* Settings.swift in Sources */ = {isa = PBXBuildFile; fileRef = 82C4C934285457A6005D6228 /* Settings.swift */; };
		82C4C945285465A8005D6228 /* ContainerBuilder.swift in Sources */ = {isa = PBXBuildFile; fileRef = 82C4C944285465A8005D6228 /* ContainerBuilder.swift */; };
/* End PBXBuildFile section */

/* Begin PBXContainerItemProxy section */
		82C4C91228545601005D6228 /* PBXContainerItemProxy */ = {
			isa = PBXContainerItemProxy;
			containerPortal = 82C4C8F328545600005D6228 /* Project object */;
			proxyType = 1;
			remoteGlobalIDString = 82C4C8FA28545600005D6228;
			remoteInfo = SwiftBoilerplate;
		};
		82C4C91C28545601005D6228 /* PBXContainerItemProxy */ = {
			isa = PBXContainerItemProxy;
			containerPortal = 82C4C8F328545600005D6228 /* Project object */;
			proxyType = 1;
			remoteGlobalIDString = 82C4C8FA28545600005D6228;
			remoteInfo = SwiftBoilerplate;
		};
/* End PBXContainerItemProxy section */

/* Begin PBXFileReference section */
		82C4C8FB28545600005D6228 /* SwiftBoilerplate.app */ = {isa = PBXFileReference; explicitFileType = wrapper.application; includeInIndex = 0; path = SwiftBoilerplate.app; sourceTree = BUILT_PRODUCTS_DIR; };
		82C4C8FE28545600005D6228 /* AppDelegate.swift */ = {isa = PBXFileReference; lastKnownFileType = sourcecode.swift; path = AppDelegate.swift; sourceTree = "<group>"; };
		82C4C90028545600005D6228 /* SceneDelegate.swift */ = {isa = PBXFileReference; lastKnownFileType = sourcecode.swift; path = SceneDelegate.swift; sourceTree = "<group>"; };
		82C4C90228545600005D6228 /* ViewController.swift */ = {isa = PBXFileReference; lastKnownFileType = sourcecode.swift; path = ViewController.swift; sourceTree = "<group>"; };
		82C4C90528545600005D6228 /* Base */ = {isa = PBXFileReference; lastKnownFileType = file.storyboard; name = Base; path = Base.lproj/Main.storyboard; sourceTree = "<group>"; };
		82C4C90728545601005D6228 /* Assets.xcassets */ = {isa = PBXFileReference; lastKnownFileType = folder.assetcatalog; path = Assets.xcassets; sourceTree = "<group>"; };
		82C4C90A28545601005D6228 /* Base */ = {isa = PBXFileReference; lastKnownFileType = file.storyboard; name = Base; path = Base.lproj/LaunchScreen.storyboard; sourceTree = "<group>"; };
		82C4C90C28545601005D6228 /* Info.plist */ = {isa = PBXFileReference; lastKnownFileType = text.plist.xml; path = Info.plist; sourceTree = "<group>"; };
		82C4C91128545601005D6228 /* SwiftBoilerplateTests.xctest */ = {isa = PBXFileReference; explicitFileType = wrapper.cfbundle; includeInIndex = 0; path = SwiftBoilerplateTests.xctest; sourceTree = BUILT_PRODUCTS_DIR; };
		82C4C91528545601005D6228 /* SwiftBoilerplateTests.swift */ = {isa = PBXFileReference; lastKnownFileType = sourcecode.swift; path = SwiftBoilerplateTests.swift; sourceTree = "<group>"; };
		82C4C91B28545601005D6228 /* SwiftBoilerplateUITests.xctest */ = {isa = PBXFileReference; explicitFileType = wrapper.cfbundle; includeInIndex = 0; path = SwiftBoilerplateUITests.xctest; sourceTree = BUILT_PRODUCTS_DIR; };
		82C4C91F28545601005D6228 /* SwiftBoilerplateUITests.swift */ = {isa = PBXFileReference; lastKnownFileType = sourcecode.swift; path = SwiftBoilerplateUITests.swift; sourceTree = "<group>"; };
		82C4C92128545601005D6228 /* SwiftBoilerplateUITestsLaunchTests.swift */ = {isa = PBXFileReference; lastKnownFileType = sourcecode.swift; path = SwiftBoilerplateUITestsLaunchTests.swift; sourceTree = "<group>"; };
		82C4C930285456D9005D6228 /* Dependencies.swift */ = {isa = PBXFileReference; lastKnownFileType = sourcecode.swift; path = Dependencies.swift; sourceTree = "<group>"; };
		82C4C9322854579F005D6228 /* Repositories.swift */ = {isa = PBXFileReference; lastKnownFileType = sourcecode.swift; path = Repositories.swift; sourceTree = "<group>"; };
		82C4C934285457A6005D6228 /* Settings.swift */ = {isa = PBXFileReference; lastKnownFileType = sourcecode.swift; path = Settings.swift; sourceTree = "<group>"; };
		82C4C944285465A8005D6228 /* ContainerBuilder.swift */ = {isa = PBXFileReference; lastKnownFileType = sourcecode.swift; path = ContainerBuilder.swift; sourceTree = "<group>"; };
		82C4C94728549819005D6228 /* README.md */ = {isa = PBXFileReference; lastKnownFileType = net.daringfireball.markdown; path = README.md; sourceTree = "<group>"; };
/* End PBXFileReference section */

/* Begin PBXFrameworksBuildPhase section */
		82C4C8F828545600005D6228 /* Frameworks */ = {
			isa = PBXFrameworksBuildPhase;
			buildActionMask = 2147483647;
			files = (
			);
			runOnlyForDeploymentPostprocessing = 0;
		};
		82C4C90E28545601005D6228 /* Frameworks */ = {
			isa = PBXFrameworksBuildPhase;
			buildActionMask = 2147483647;
			files = (
			);
			runOnlyForDeploymentPostprocessing = 0;
		};
		82C4C91828545601005D6228 /* Frameworks */ = {
			isa = PBXFrameworksBuildPhase;
			buildActionMask = 2147483647;
			files = (
			);
			runOnlyForDeploymentPostprocessing = 0;
		};
/* End PBXFrameworksBuildPhase section */

/* Begin PBXGroup section */
		82C4C8F228545600005D6228 = {
			isa = PBXGroup;
			children = (
				82C4C94728549819005D6228 /* README.md */,
				82C4C8FD28545600005D6228 /* SwiftBoilerplate */,
				82C4C91428545601005D6228 /* SwiftBoilerplateTests */,
				82C4C91E28545601005D6228 /* SwiftBoilerplateUITests */,
				82C4C8FC28545600005D6228 /* Products */,
			);
			sourceTree = "<group>";
		};
		82C4C8FC28545600005D6228 /* Products */ = {
			isa = PBXGroup;
			children = (
				82C4C8FB28545600005D6228 /* SwiftBoilerplate.app */,
				82C4C91128545601005D6228 /* SwiftBoilerplateTests.xctest */,
				82C4C91B28545601005D6228 /* SwiftBoilerplateUITests.xctest */,
			);
			name = Products;
			sourceTree = "<group>";
		};
		82C4C8FD28545600005D6228 /* SwiftBoilerplate */ = {
			isa = PBXGroup;
			children = (
				82C4C94628549471005D6228 /* Frameworks */,
				82C4C92E28545679005D6228 /* App */,
				82C4C92F28545680005D6228 /* Source */,
				82C4C8FE28545600005D6228 /* AppDelegate.swift */,
				82C4C90028545600005D6228 /* SceneDelegate.swift */,
				82C4C90928545601005D6228 /* LaunchScreen.storyboard */,
				82C4C90C28545601005D6228 /* Info.plist */,
			);
			path = SwiftBoilerplate;
			sourceTree = "<group>";
		};
		82C4C91428545601005D6228 /* SwiftBoilerplateTests */ = {
			isa = PBXGroup;
			children = (
				82C4C91528545601005D6228 /* SwiftBoilerplateTests.swift */,
			);
			path = SwiftBoilerplateTests;
			sourceTree = "<group>";
		};
		82C4C91E28545601005D6228 /* SwiftBoilerplateUITests */ = {
			isa = PBXGroup;
			children = (
				82C4C91F28545601005D6228 /* SwiftBoilerplateUITests.swift */,
				82C4C92128545601005D6228 /* SwiftBoilerplateUITestsLaunchTests.swift */,
			);
			path = SwiftBoilerplateUITests;
			sourceTree = "<group>";
		};
		82C4C92E28545679005D6228 /* App */ = {
			isa = PBXGroup;
			children = (
				82C4C944285465A8005D6228 /* ContainerBuilder.swift */,
				82C4C930285456D9005D6228 /* Dependencies.swift */,
				82C4C9322854579F005D6228 /* Repositories.swift */,
				82C4C934285457A6005D6228 /* Settings.swift */,
			);
			path = App;
			sourceTree = "<group>";
		};
		82C4C92F28545680005D6228 /* Source */ = {
			isa = PBXGroup;
			children = (
				82C4C93F28545F0D005D6228 /* Assets */,
				82C4C936285458FB005D6228 /* iOS */,
				82C4C93C28545961005D6228 /* Presenter */,
				82C4C93728545901005D6228 /* Domain */,
				82C4C93828545908005D6228 /* Service */,
			);
			path = Source;
			sourceTree = "<group>";
		};
		82C4C936285458FB005D6228 /* iOS */ = {
			isa = PBXGroup;
			children = (
				82C4C93D28545968005D6228 /* Views */,
				82C4C93E2854596D005D6228 /* Controllers */,
			);
			path = iOS;
			sourceTree = "<group>";
		};
		82C4C93728545901005D6228 /* Domain */ = {
			isa = PBXGroup;
			children = (
			);
			path = Domain;
			sourceTree = "<group>";
		};
		82C4C93828545908005D6228 /* Service */ = {
			isa = PBXGroup;
			children = (
				82C4C93928545927005D6228 /* Persistence */,
				82C4C93A2854592F005D6228 /* Networking */,
			);
			path = Service;
			sourceTree = "<group>";
		};
		82C4C93928545927005D6228 /* Persistence */ = {
			isa = PBXGroup;
			children = (
			);
			path = Persistence;
			sourceTree = "<group>";
		};
		82C4C93A2854592F005D6228 /* Networking */ = {
			isa = PBXGroup;
			children = (
			);
			path = Networking;
			sourceTree = "<group>";
		};
		82C4C93C28545961005D6228 /* Presenter */ = {
			isa = PBXGroup;
			children = (
			);
			path = Presenter;
			sourceTree = "<group>";
		};
		82C4C93D28545968005D6228 /* Views */ = {
			isa = PBXGroup;
			children = (
				82C4C90428545600005D6228 /* Main.storyboard */,
			);
			path = Views;
			sourceTree = "<group>";
		};
		82C4C93E2854596D005D6228 /* Controllers */ = {
			isa = PBXGroup;
			children = (
				82C4C90228545600005D6228 /* ViewController.swift */,
			);
			path = Controllers;
			sourceTree = "<group>";
		};
		82C4C93F28545F0D005D6228 /* Assets */ = {
			isa = PBXGroup;
			children = (
				82C4C90728545601005D6228 /* Assets.xcassets */,
			);
			path = Assets;
			sourceTree = "<group>";
		};
		82C4C94628549471005D6228 /* Frameworks */ = {
			isa = PBXGroup;
			children = (
			);
			path = Frameworks;
			sourceTree = "<group>";
		};
/* End PBXGroup section */

/* Begin PBXNativeTarget section */
		82C4C8FA28545600005D6228 /* SwiftBoilerplate */ = {
			isa = PBXNativeTarget;
			buildConfigurationList = 82C4C92528545601005D6228 /* Build configuration list for PBXNativeTarget "SwiftBoilerplate" */;
			buildPhases = (
				82C4C8F728545600005D6228 /* Sources */,
				82C4C8F828545600005D6228 /* Frameworks */,
				82C4C8F928545600005D6228 /* Resources */,
			);
			buildRules = (
			);
			dependencies = (
			);
			name = SwiftBoilerplate;
			productName = SwiftBoilerplate;
			productReference = 82C4C8FB28545600005D6228 /* SwiftBoilerplate.app */;
			productType = "com.apple.product-type.application";
		};
		82C4C91028545601005D6228 /* SwiftBoilerplateTests */ = {
			isa = PBXNativeTarget;
			buildConfigurationList = 82C4C92828545601005D6228 /* Build configuration list for PBXNativeTarget "SwiftBoilerplateTests" */;
			buildPhases = (
				82C4C90D28545601005D6228 /* Sources */,
				82C4C90E28545601005D6228 /* Frameworks */,
				82C4C90F28545601005D6228 /* Resources */,
			);
			buildRules = (
			);
			dependencies = (
				82C4C91328545601005D6228 /* PBXTargetDependency */,
			);
			name = SwiftBoilerplateTests;
			productName = SwiftBoilerplateTests;
			productReference = 82C4C91128545601005D6228 /* SwiftBoilerplateTests.xctest */;
			productType = "com.apple.product-type.bundle.unit-test";
		};
		82C4C91A28545601005D6228 /* SwiftBoilerplateUITests */ = {
			isa = PBXNativeTarget;
			buildConfigurationList = 82C4C92B28545601005D6228 /* Build configuration list for PBXNativeTarget "SwiftBoilerplateUITests" */;
			buildPhases = (
				82C4C91728545601005D6228 /* Sources */,
				82C4C91828545601005D6228 /* Frameworks */,
				82C4C91928545601005D6228 /* Resources */,
			);
			buildRules = (
			);
			dependencies = (
				82C4C91D28545601005D6228 /* PBXTargetDependency */,
			);
			name = SwiftBoilerplateUITests;
			productName = SwiftBoilerplateUITests;
			productReference = 82C4C91B28545601005D6228 /* SwiftBoilerplateUITests.xctest */;
			productType = "com.apple.product-type.bundle.ui-testing";
		};
/* End PBXNativeTarget section */

/* Begin PBXProject section */
		82C4C8F328545600005D6228 /* Project object */ = {
			isa = PBXProject;
			attributes = {
				BuildIndependentTargetsInParallel = 1;
				LastSwiftUpdateCheck = 1330;
				LastUpgradeCheck = 1330;
				TargetAttributes = {
					82C4C8FA28545600005D6228 = {
						CreatedOnToolsVersion = 13.3.1;
					};
					82C4C91028545601005D6228 = {
						CreatedOnToolsVersion = 13.3.1;
						TestTargetID = 82C4C8FA28545600005D6228;
					};
					82C4C91A28545601005D6228 = {
						CreatedOnToolsVersion = 13.3.1;
						TestTargetID = 82C4C8FA28545600005D6228;
					};
				};
			};
			buildConfigurationList = 82C4C8F628545600005D6228 /* Build configuration list for PBXProject "SwiftBoilerplate" */;
			compatibilityVersion = "Xcode 13.0";
			developmentRegion = en;
			hasScannedForEncodings = 0;
			knownRegions = (
				en,
				Base,
			);
			mainGroup = 82C4C8F228545600005D6228;
			productRefGroup = 82C4C8FC28545600005D6228 /* Products */;
			projectDirPath = "";
			projectRoot = "";
			targets = (
				82C4C8FA28545600005D6228 /* SwiftBoilerplate */,
				82C4C91028545601005D6228 /* SwiftBoilerplateTests */,
				82C4C91A28545601005D6228 /* SwiftBoilerplateUITests */,
			);
		};
/* End PBXProject section */

/* Begin PBXResourcesBuildPhase section */
		82C4C8F928545600005D6228 /* Resources */ = {
			isa = PBXResourcesBuildPhase;
			buildActionMask = 2147483647;
			files = (
				82C4C90B28545601005D6228 /* LaunchScreen.storyboard in Resources */,
				82C4C90828545601005D6228 /* Assets.xcassets in Resources */,
				82C4C90628545600005D6228 /* Main.storyboard in Resources */,
			);
			runOnlyForDeploymentPostprocessing = 0;
		};
		82C4C90F28545601005D6228 /* Resources */ = {
			isa = PBXResourcesBuildPhase;
			buildActionMask = 2147483647;
			files = (
			);
			runOnlyForDeploymentPostprocessing = 0;
		};
		82C4C91928545601005D6228 /* Resources */ = {
			isa = PBXResourcesBuildPhase;
			buildActionMask = 2147483647;
			files = (
			);
			runOnlyForDeploymentPostprocessing = 0;
		};
/* End PBXResourcesBuildPhase section */

/* Begin PBXSourcesBuildPhase section */
		82C4C8F728545600005D6228 /* Sources */ = {
			isa = PBXSourcesBuildPhase;
			buildActionMask = 2147483647;
			files = (
				82C4C935285457A6005D6228 /* Settings.swift in Sources */,
				82C4C931285456D9005D6228 /* Dependencies.swift in Sources */,
				82C4C9332854579F005D6228 /* Repositories.swift in Sources */,
				82C4C90328545600005D6228 /* ViewController.swift in Sources */,
				82C4C8FF28545600005D6228 /* AppDelegate.swift in Sources */,
				82C4C945285465A8005D6228 /* ContainerBuilder.swift in Sources */,
				82C4C90128545600005D6228 /* SceneDelegate.swift in Sources */,
			);
			runOnlyForDeploymentPostprocessing = 0;
		};
		82C4C90D28545601005D6228 /* Sources */ = {
			isa = PBXSourcesBuildPhase;
			buildActionMask = 2147483647;
			files = (
				82C4C91628545601005D6228 /* SwiftBoilerplateTests.swift in Sources */,
			);
			runOnlyForDeploymentPostprocessing = 0;
		};
		82C4C91728545601005D6228 /* Sources */ = {
			isa = PBXSourcesBuildPhase;
			buildActionMask = 2147483647;
			files = (
				82C4C92228545601005D6228 /* SwiftBoilerplateUITestsLaunchTests.swift in Sources */,
				82C4C92028545601005D6228 /* SwiftBoilerplateUITests.swift in Sources */,
			);
			runOnlyForDeploymentPostprocessing = 0;
		};
/* End PBXSourcesBuildPhase section */

/* Begin PBXTargetDependency section */
		82C4C91328545601005D6228 /* PBXTargetDependency */ = {
			isa = PBXTargetDependency;
			target = 82C4C8FA28545600005D6228 /* SwiftBoilerplate */;
			targetProxy = 82C4C91228545601005D6228 /* PBXContainerItemProxy */;
		};
		82C4C91D28545601005D6228 /* PBXTargetDependency */ = {
			isa = PBXTargetDependency;
			target = 82C4C8FA28545600005D6228 /* SwiftBoilerplate */;
			targetProxy = 82C4C91C28545601005D6228 /* PBXContainerItemProxy */;
		};
/* End PBXTargetDependency section */

/* Begin PBXVariantGroup section */
		82C4C90428545600005D6228 /* Main.storyboard */ = {
			isa = PBXVariantGroup;
			children = (
				82C4C90528545600005D6228 /* Base */,
			);
			name = Main.storyboard;
			sourceTree = "<group>";
		};
		82C4C90928545601005D6228 /* LaunchScreen.storyboard */ = {
			isa = PBXVariantGroup;
			children = (
				82C4C90A28545601005D6228 /* Base */,
			);
			name = LaunchScreen.storyboard;
			sourceTree = "<group>";
		};
/* End PBXVariantGroup section */

/* Begin XCBuildConfiguration section */
		82C4C92328545601005D6228 /* Debug */ = {
			isa = XCBuildConfiguration;
			buildSettings = {
				ALWAYS_SEARCH_USER_PATHS = NO;
				CLANG_ANALYZER_NONNULL = YES;
				CLANG_ANALYZER_NUMBER_OBJECT_CONVERSION = YES_AGGRESSIVE;
				CLANG_CXX_LANGUAGE_STANDARD = "gnu++17";
				CLANG_ENABLE_MODULES = YES;
				CLANG_ENABLE_OBJC_ARC = YES;
				CLANG_ENABLE_OBJC_WEAK = YES;
				CLANG_WARN_BLOCK_CAPTURE_AUTORELEASING = YES;
				CLANG_WARN_BOOL_CONVERSION = YES;
				CLANG_WARN_COMMA = YES;
				CLANG_WARN_CONSTANT_CONVERSION = YES;
				CLANG_WARN_DEPRECATED_OBJC_IMPLEMENTATIONS = YES;
				CLANG_WARN_DIRECT_OBJC_ISA_USAGE = YES_ERROR;
				CLANG_WARN_DOCUMENTATION_COMMENTS = YES;
				CLANG_WARN_EMPTY_BODY = YES;
				CLANG_WARN_ENUM_CONVERSION = YES;
				CLANG_WARN_INFINITE_RECURSION = YES;
				CLANG_WARN_INT_CONVERSION = YES;
				CLANG_WARN_NON_LITERAL_NULL_CONVERSION = YES;
				CLANG_WARN_OBJC_IMPLICIT_RETAIN_SELF = YES;
				CLANG_WARN_OBJC_LITERAL_CONVERSION = YES;
				CLANG_WARN_OBJC_ROOT_CLASS = YES_ERROR;
				CLANG_WARN_QUOTED_INCLUDE_IN_FRAMEWORK_HEADER = YES;
				CLANG_WARN_RANGE_LOOP_ANALYSIS = YES;
				CLANG_WARN_STRICT_PROTOTYPES = YES;
				CLANG_WARN_SUSPICIOUS_MOVE = YES;
				CLANG_WARN_UNGUARDED_AVAILABILITY = YES_AGGRESSIVE;
				CLANG_WARN_UNREACHABLE_CODE = YES;
				CLANG_WARN__DUPLICATE_METHOD_MATCH = YES;
				COPY_PHASE_STRIP = NO;
				DEBUG_INFORMATION_FORMAT = dwarf;
				ENABLE_STRICT_OBJC_MSGSEND = YES;
				ENABLE_TESTABILITY = YES;
				GCC_C_LANGUAGE_STANDARD = gnu11;
				GCC_DYNAMIC_NO_PIC = NO;
				GCC_NO_COMMON_BLOCKS = YES;
				GCC_OPTIMIZATION_LEVEL = 0;
				GCC_PREPROCESSOR_DEFINITIONS = (
					"DEBUG=1",
					"$(inherited)",
				);
				GCC_WARN_64_TO_32_BIT_CONVERSION = YES;
				GCC_WARN_ABOUT_RETURN_TYPE = YES_ERROR;
				GCC_WARN_UNDECLARED_SELECTOR = YES;
				GCC_WARN_UNINITIALIZED_AUTOS = YES_AGGRESSIVE;
				GCC_WARN_UNUSED_FUNCTION = YES;
				GCC_WARN_UNUSED_VARIABLE = YES;
				IPHONEOS_DEPLOYMENT_TARGET = 13.0;
				MTL_ENABLE_DEBUG_INFO = INCLUDE_SOURCE;
				MTL_FAST_MATH = YES;
				ONLY_ACTIVE_ARCH = YES;
				SDKROOT = iphoneos;
				SWIFT_ACTIVE_COMPILATION_CONDITIONS = DEBUG;
				SWIFT_OPTIMIZATION_LEVEL = "-Onone";
			};
			name = Debug;
		};
		82C4C92428545601005D6228 /* Release */ = {
			isa = XCBuildConfiguration;
			buildSettings = {
				ALWAYS_SEARCH_USER_PATHS = NO;
				CLANG_ANALYZER_NONNULL = YES;
				CLANG_ANALYZER_NUMBER_OBJECT_CONVERSION = YES_AGGRESSIVE;
				CLANG_CXX_LANGUAGE_STANDARD = "gnu++17";
				CLANG_ENABLE_MODULES = YES;
				CLANG_ENABLE_OBJC_ARC = YES;
				CLANG_ENABLE_OBJC_WEAK = YES;
				CLANG_WARN_BLOCK_CAPTURE_AUTORELEASING = YES;
				CLANG_WARN_BOOL_CONVERSION = YES;
				CLANG_WARN_COMMA = YES;
				CLANG_WARN_CONSTANT_CONVERSION = YES;
				CLANG_WARN_DEPRECATED_OBJC_IMPLEMENTATIONS = YES;
				CLANG_WARN_DIRECT_OBJC_ISA_USAGE = YES_ERROR;
				CLANG_WARN_DOCUMENTATION_COMMENTS = YES;
				CLANG_WARN_EMPTY_BODY = YES;
				CLANG_WARN_ENUM_CONVERSION = YES;
				CLANG_WARN_INFINITE_RECURSION = YES;
				CLANG_WARN_INT_CONVERSION = YES;
				CLANG_WARN_NON_LITERAL_NULL_CONVERSION = YES;
				CLANG_WARN_OBJC_IMPLICIT_RETAIN_SELF = YES;
				CLANG_WARN_OBJC_LITERAL_CONVERSION = YES;
				CLANG_WARN_OBJC_ROOT_CLASS = YES_ERROR;
				CLANG_WARN_QUOTED_INCLUDE_IN_FRAMEWORK_HEADER = YES;
				CLANG_WARN_RANGE_LOOP_ANALYSIS = YES;
				CLANG_WARN_STRICT_PROTOTYPES = YES;
				CLANG_WARN_SUSPICIOUS_MOVE = YES;
				CLANG_WARN_UNGUARDED_AVAILABILITY = YES_AGGRESSIVE;
				CLANG_WARN_UNREACHABLE_CODE = YES;
				CLANG_WARN__DUPLICATE_METHOD_MATCH = YES;
				COPY_PHASE_STRIP = NO;
				DEBUG_INFORMATION_FORMAT = "dwarf-with-dsym";
				ENABLE_NS_ASSERTIONS = NO;
				ENABLE_STRICT_OBJC_MSGSEND = YES;
				GCC_C_LANGUAGE_STANDARD = gnu11;
				GCC_NO_COMMON_BLOCKS = YES;
				GCC_WARN_64_TO_32_BIT_CONVERSION = YES;
				GCC_WARN_ABOUT_RETURN_TYPE = YES_ERROR;
				GCC_WARN_UNDECLARED_SELECTOR = YES;
				GCC_WARN_UNINITIALIZED_AUTOS = YES_AGGRESSIVE;
				GCC_WARN_UNUSED_FUNCTION = YES;
				GCC_WARN_UNUSED_VARIABLE = YES;
				IPHONEOS_DEPLOYMENT_TARGET = 13.0;
				MTL_ENABLE_DEBUG_INFO = NO;
				MTL_FAST_MATH = YES;
				SDKROOT = iphoneos;
				SWIFT_COMPILATION_MODE = wholemodule;
				SWIFT_OPTIMIZATION_LEVEL = "-O";
				VALIDATE_PRODUCT = YES;
			};
			name = Release;
		};
		82C4C92628545601005D6228 /* Debug */ = {
			isa = XCBuildConfiguration;
			buildSettings = {
				ASSETCATALOG_COMPILER_APPICON_NAME = AppIcon;
				ASSETCATALOG_COMPILER_GLOBAL_ACCENT_COLOR_NAME = AccentColor;
				CODE_SIGN_STYLE = Automatic;
				CURRENT_PROJECT_VERSION = 1;
				DEVELOPMENT_TEAM = B7YJMJ4FN2;
				GENERATE_INFOPLIST_FILE = YES;
				INFOPLIST_FILE = SwiftBoilerplate/Info.plist;
				INFOPLIST_KEY_UIApplicationSupportsIndirectInputEvents = YES;
				INFOPLIST_KEY_UILaunchStoryboardName = LaunchScreen;
				INFOPLIST_KEY_UIMainStoryboardFile = Main;
				INFOPLIST_KEY_UISupportedInterfaceOrientations = UIInterfaceOrientationPortrait;
				INFOPLIST_KEY_UISupportedInterfaceOrientations_iPad = "UIInterfaceOrientationPortrait UIInterfaceOrientationPortraitUpsideDown UIInterfaceOrientationLandscapeLeft UIInterfaceOrientationLandscapeRight";
				INFOPLIST_KEY_UISupportedInterfaceOrientations_iPhone = "UIInterfaceOrientationPortrait UIInterfaceOrientationLandscapeLeft UIInterfaceOrientationLandscapeRight";
				IPHONEOS_DEPLOYMENT_TARGET = 13.0;
				LD_RUNPATH_SEARCH_PATHS = (
					"$(inherited)",
					"@executable_path/Frameworks",
				);
				MARKETING_VERSION = 1.0;
				PRODUCT_BUNDLE_IDENTIFIER = com.fchacaltana.SwiftBoilerplate;
				PRODUCT_NAME = "$(TARGET_NAME)";
				SWIFT_EMIT_LOC_STRINGS = YES;
				SWIFT_VERSION = 5.0;
				TARGETED_DEVICE_FAMILY = 1;
			};
			name = Debug;
		};
		82C4C92728545601005D6228 /* Release */ = {
			isa = XCBuildConfiguration;
			buildSettings = {
				ASSETCATALOG_COMPILER_APPICON_NAME = AppIcon;
				ASSETCATALOG_COMPILER_GLOBAL_ACCENT_COLOR_NAME = AccentColor;
				CODE_SIGN_STYLE = Automatic;
				CURRENT_PROJECT_VERSION = 1;
				DEVELOPMENT_TEAM = B7YJMJ4FN2;
				GENERATE_INFOPLIST_FILE = YES;
				INFOPLIST_FILE = SwiftBoilerplate/Info.plist;
				INFOPLIST_KEY_UIApplicationSupportsIndirectInputEvents = YES;
				INFOPLIST_KEY_UILaunchStoryboardName = LaunchScreen;
				INFOPLIST_KEY_UIMainStoryboardFile = Main;
				INFOPLIST_KEY_UISupportedInterfaceOrientations = UIInterfaceOrientationPortrait;
				INFOPLIST_KEY_UISupportedInterfaceOrientations_iPad = "UIInterfaceOrientationPortrait UIInterfaceOrientationPortraitUpsideDown UIInterfaceOrientationLandscapeLeft UIInterfaceOrientationLandscapeRight";
				INFOPLIST_KEY_UISupportedInterfaceOrientations_iPhone = "UIInterfaceOrientationPortrait UIInterfaceOrientationLandscapeLeft UIInterfaceOrientationLandscapeRight";
				IPHONEOS_DEPLOYMENT_TARGET = 13.0;
				LD_RUNPATH_SEARCH_PATHS = (
					"$(inherited)",
					"@executable_path/Frameworks",
				);
				MARKETING_VERSION = 1.0;
				PRODUCT_BUNDLE_IDENTIFIER = com.fchacaltana.SwiftBoilerplate;
				PRODUCT_NAME = "$(TARGET_NAME)";
				SWIFT_EMIT_LOC_STRINGS = YES;
				SWIFT_VERSION = 5.0;
				TARGETED_DEVICE_FAMILY = 1;
			};
			name = Release;
		};
		82C4C92928545601005D6228 /* Debug */ = {
			isa = XCBuildConfiguration;
			buildSettings = {
				ALWAYS_EMBED_SWIFT_STANDARD_LIBRARIES = YES;
				BUNDLE_LOADER = "$(TEST_HOST)";
				CODE_SIGN_STYLE = Automatic;
				CURRENT_PROJECT_VERSION = 1;
				DEVELOPMENT_TEAM = B7YJMJ4FN2;
				GENERATE_INFOPLIST_FILE = YES;
				IPHONEOS_DEPLOYMENT_TARGET = 15.4;
				MARKETING_VERSION = 1.0;
				PRODUCT_BUNDLE_IDENTIFIER = com.fchacaltana.SwiftBoilerplateTests;
				PRODUCT_NAME = "$(TARGET_NAME)";
				SWIFT_EMIT_LOC_STRINGS = NO;
				SWIFT_VERSION = 5.0;
				TARGETED_DEVICE_FAMILY = "1,2";
				TEST_HOST = "$(BUILT_PRODUCTS_DIR)/SwiftBoilerplate.app/SwiftBoilerplate";
			};
			name = Debug;
		};
		82C4C92A28545601005D6228 /* Release */ = {
			isa = XCBuildConfiguration;
			buildSettings = {
				ALWAYS_EMBED_SWIFT_STANDARD_LIBRARIES = YES;
				BUNDLE_LOADER = "$(TEST_HOST)";
				CODE_SIGN_STYLE = Automatic;
				CURRENT_PROJECT_VERSION = 1;
				DEVELOPMENT_TEAM = B7YJMJ4FN2;
				GENERATE_INFOPLIST_FILE = YES;
				IPHONEOS_DEPLOYMENT_TARGET = 15.4;
				MARKETING_VERSION = 1.0;
				PRODUCT_BUNDLE_IDENTIFIER = com.fchacaltana.SwiftBoilerplateTests;
				PRODUCT_NAME = "$(TARGET_NAME)";
				SWIFT_EMIT_LOC_STRINGS = NO;
				SWIFT_VERSION = 5.0;
				TARGETED_DEVICE_FAMILY = "1,2";
				TEST_HOST = "$(BUILT_PRODUCTS_DIR)/SwiftBoilerplate.app/SwiftBoilerplate";
			};
			name = Release;
		};
		82C4C92C28545601005D6228 /* Debug */ = {
			isa = XCBuildConfiguration;
			buildSettings = {
				ALWAYS_EMBED_SWIFT_STANDARD_LIBRARIES = YES;
				CODE_SIGN_STYLE = Automatic;
				CURRENT_PROJECT_VERSION = 1;
				DEVELOPMENT_TEAM = B7YJMJ4FN2;
				GENERATE_INFOPLIST_FILE = YES;
				MARKETING_VERSION = 1.0;
				PRODUCT_BUNDLE_IDENTIFIER = com.fchacaltana.SwiftBoilerplateUITests;
				PRODUCT_NAME = "$(TARGET_NAME)";
				SWIFT_EMIT_LOC_STRINGS = NO;
				SWIFT_VERSION = 5.0;
				TARGETED_DEVICE_FAMILY = "1,2";
				TEST_TARGET_NAME = SwiftBoilerplate;
			};
			name = Debug;
		};
		82C4C92D28545601005D6228 /* Release */ = {
			isa = XCBuildConfiguration;
			buildSettings = {
				ALWAYS_EMBED_SWIFT_STANDARD_LIBRARIES = YES;
				CODE_SIGN_STYLE = Automatic;
				CURRENT_PROJECT_VERSION = 1;
				DEVELOPMENT_TEAM = B7YJMJ4FN2;
				GENERATE_INFOPLIST_FILE = YES;
				MARKETING_VERSION = 1.0;
				PRODUCT_BUNDLE_IDENTIFIER = com.fchacaltana.SwiftBoilerplateUITests;
				PRODUCT_NAME = "$(TARGET_NAME)";
				SWIFT_EMIT_LOC_STRINGS = NO;
				SWIFT_VERSION = 5.0;
				TARGETED_DEVICE_FAMILY = "1,2";
				TEST_TARGET_NAME = SwiftBoilerplate;
			};
			name = Release;
		};
/* End XCBuildConfiguration section */

/* Begin XCConfigurationList section */
		82C4C8F628545600005D6228 /* Build configuration list for PBXProject "SwiftBoilerplate" */ = {
			isa = XCConfigurationList;
			buildConfigurations = (
				82C4C92328545601005D6228 /* Debug */,
				82C4C92428545601005D6228 /* Release */,
			);
			defaultConfigurationIsVisible = 0;
			defaultConfigurationName = Release;
		};
		82C4C92528545601005D6228 /* Build configuration list for PBXNativeTarget "SwiftBoilerplate" */ = {
			isa = XCConfigurationList;
			buildConfigurations = (
				82C4C92628545601005D6228 /* Debug */,
				82C4C92728545601005D6228 /* Release */,
			);
			defaultConfigurationIsVisible = 0;
			defaultConfigurationName = Release;
		};
		82C4C92828545601005D6228 /* Build configuration list for PBXNativeTarget "SwiftBoilerplateTests" */ = {
			isa = XCConfigurationList;
			buildConfigurations = (
				82C4C92928545601005D6228 /* Debug */,
				82C4C92A28545601005D6228 /* Release */,
			);
			defaultConfigurationIsVisible = 0;
			defaultConfigurationName = Release;
		};
		82C4C92B28545601005D6228 /* Build configuration list for PBXNativeTarget "SwiftBoilerplateUITests" */ = {
			isa = XCConfigurationList;
			buildConfigurations = (
				82C4C92C28545601005D6228 /* Debug */,
				82C4C92D28545601005D6228 /* Release */,
			);
			defaultConfigurationIsVisible = 0;
			defaultConfigurationName = Release;
		};
/* End XCConfigurationList section */
	};
	rootObject = 82C4C8F328545600005D6228 /* Project object */;
}
